
Microsoft Visual Studio Solution File, Format Version 12.00
# Visual Studio Version 17
VisualStudioVersion = 17.2.32602.215
MinimumVisualStudioVersion = 10.0.40219.1
Project("{FAE04EC0-301F-11D3-BF4B-00C04F79EFBC}") = "CheckingTheTriangle", "CheckingTheTriangle\CheckingTheTriangle.csproj", "{A342C8E3-474F-43C7-8B4E-B5664A82E606}"
EndProject
Project("{FAE04EC0-301F-11D3-BF4B-00C04F79EFBC}") = "CheckingTheTriangleTests", "CheckingTheTriangleTests\CheckingTheTriangleTests.csproj", "{DD6855A6-AF56-448A-A906-CF647587AC8D}"
EndProject
Global
	GlobalSection(SolutionConfigurationPlatforms) = preSolution
		Debug|Any CPU = Debug|Any CPU
		Release|Any CPU = Release|Any CPU
	EndGlobalSection
	GlobalSection(ProjectConfigurationPlatforms) = postSolution
		{A342C8E3-474F-43C7-8B4E-B5664A82E606}.Debug|Any CPU.ActiveCfg = Debug|Any CPU
		{A342C8E3-474F-43C7-8B4E-B5664A82E606}.Debug|Any CPU.Build.0 = Debug|Any CPU
		{A342C8E3-474F-43C7-8B4E-B5664A82E606}.Release|Any CPU.ActiveCfg = Release|Any CPU
		{A342C8E3-474F-43C7-8B4E-B5664A82E606}.Release|Any CPU.Build.0 = Release|Any CPU
		{DD6855A6-AF56-448A-A906-CF647587AC8D}.Debug|Any CPU.ActiveCfg = Debug|Any CPU
		{DD6855A6-AF56-448A-A906-CF647587AC8D}.Debug|Any CPU.Build.0 = Debug|Any CPU
		{DD6855A6-AF56-448A-A906-CF647587AC8D}.Release|Any CPU.ActiveCfg = Release|Any CPU
		{DD6855A6-AF56-448A-A906-CF647587AC8D}.Release|Any CPU.Build.0 = Release|Any CPU
	EndGlobalSection
	GlobalSection(SolutionProperties) = preSolution
		HideSolutionNode = FALSE
	EndGlobalSection
	GlobalSection(ExtensibilityGlobals) = postSolution
		SolutionGuid = {8A36C680-2559-4201-81B2-9071503F9C60}
	EndGlobalSection
EndGlobal
